// !$*UTF8*$!
{
	archiveVersion = 1;
	classes = {
	};
	objectVersion = 52;
	objects = {

/* Begin PBXBuildFile section */
		891FBF23254B403E008F4497 /* DrinkVC.swift in Sources */ = {isa = PBXBuildFile; fileRef = 891FBF22254B403E008F4497 /* DrinkVC.swift */; };
		891FBF26254B4052008F4497 /* GlassVC.swift in Sources */ = {isa = PBXBuildFile; fileRef = 891FBF25254B4052008F4497 /* GlassVC.swift */; };
		891FBF29254B4063008F4497 /* WifiVC.swift in Sources */ = {isa = PBXBuildFile; fileRef = 891FBF28254B4063008F4497 /* WifiVC.swift */; };
		891FBF2F254B408B008F4497 /* MixVC.swift in Sources */ = {isa = PBXBuildFile; fileRef = 891FBF2E254B408B008F4497 /* MixVC.swift */; };
		89658D1B2533982D00867B89 /* AppDelegate.swift in Sources */ = {isa = PBXBuildFile; fileRef = 89658D1A2533982D00867B89 /* AppDelegate.swift */; };
		89658D222533982D00867B89 /* Main.storyboard in Resources */ = {isa = PBXBuildFile; fileRef = 89658D202533982D00867B89 /* Main.storyboard */; };
		89658D242533983300867B89 /* Assets.xcassets in Resources */ = {isa = PBXBuildFile; fileRef = 89658D232533983300867B89 /* Assets.xcassets */; };
		89658D272533983300867B89 /* LaunchScreen.storyboard in Resources */ = {isa = PBXBuildFile; fileRef = 89658D252533983300867B89 /* LaunchScreen.storyboard */; };
		89D762D4254C3B2B004B9B54 /* ExternalAccessory.framework in Frameworks */ = {isa = PBXBuildFile; fileRef = 89D762D3254C3B2B004B9B54 /* ExternalAccessory.framework */; };
		89E7AA902559489B0077C568 /* Just in Frameworks */ = {isa = PBXBuildFile; productRef = 89E7AA8F2559489B0077C568 /* Just */; };
		89EE7726255400E4000EFFC7 /* SceneDelegate.swift in Sources */ = {isa = PBXBuildFile; fileRef = 89658D1C2533982D00867B89 /* SceneDelegate.swift */; };
		A4ED6D40254C144A000FCC5D /* CocktailBrain.swift in Sources */ = {isa = PBXBuildFile; fileRef = A4ED6D3F254C144A000FCC5D /* CocktailBrain.swift */; };
/* End PBXBuildFile section */

/* Begin PBXFileReference section */
		891FBF22254B403E008F4497 /* DrinkVC.swift */ = {isa = PBXFileReference; lastKnownFileType = sourcecode.swift; name = DrinkVC.swift; path = ../DrinkVC.swift; sourceTree = "<group>"; };
		891FBF25254B4052008F4497 /* GlassVC.swift */ = {isa = PBXFileReference; lastKnownFileType = sourcecode.swift; path = GlassVC.swift; sourceTree = "<group>"; };
		891FBF28254B4063008F4497 /* WifiVC.swift */ = {isa = PBXFileReference; lastKnownFileType = sourcecode.swift; path = WifiVC.swift; sourceTree = "<group>"; };
		891FBF2E254B408B008F4497 /* MixVC.swift */ = {isa = PBXFileReference; lastKnownFileType = sourcecode.swift; path = MixVC.swift; sourceTree = "<group>"; };
		89658D172533982D00867B89 /* Cocktailomat.app */ = {isa = PBXFileReference; explicitFileType = wrapper.application; includeInIndex = 0; path = Cocktailomat.app; sourceTree = BUILT_PRODUCTS_DIR; };
		89658D1A2533982D00867B89 /* AppDelegate.swift */ = {isa = PBXFileReference; lastKnownFileType = sourcecode.swift; path = AppDelegate.swift; sourceTree = "<group>"; };
		89658D1C2533982D00867B89 /* SceneDelegate.swift */ = {isa = PBXFileReference; lastKnownFileType = sourcecode.swift; path = SceneDelegate.swift; sourceTree = "<group>"; };
		89658D212533982D00867B89 /* Base */ = {isa = PBXFileReference; lastKnownFileType = file.storyboard; name = Base; path = Base.lproj/Main.storyboard; sourceTree = "<group>"; };
		89658D232533983300867B89 /* Assets.xcassets */ = {isa = PBXFileReference; lastKnownFileType = folder.assetcatalog; path = Assets.xcassets; sourceTree = "<group>"; };
		89658D262533983300867B89 /* Base */ = {isa = PBXFileReference; lastKnownFileType = file.storyboard; name = Base; path = Base.lproj/LaunchScreen.storyboard; sourceTree = "<group>"; };
		89658D282533983300867B89 /* Info.plist */ = {isa = PBXFileReference; lastKnownFileType = text.plist.xml; path = Info.plist; sourceTree = "<group>"; };
		89D762D3254C3B2B004B9B54 /* ExternalAccessory.framework */ = {isa = PBXFileReference; lastKnownFileType = wrapper.framework; name = ExternalAccessory.framework; path = System/Library/Frameworks/ExternalAccessory.framework; sourceTree = SDKROOT; };
		A4ED6D3F254C144A000FCC5D /* CocktailBrain.swift */ = {isa = PBXFileReference; lastKnownFileType = sourcecode.swift; path = CocktailBrain.swift; sourceTree = "<group>"; };
/* End PBXFileReference section */

/* Begin PBXFrameworksBuildPhase section */
		89658D142533982D00867B89 /* Frameworks */ = {
			isa = PBXFrameworksBuildPhase;
			buildActionMask = 2147483647;
			files = (
				89E7AA902559489B0077C568 /* Just in Frameworks */,
				89D762D4254C3B2B004B9B54 /* ExternalAccessory.framework in Frameworks */,
			);
			runOnlyForDeploymentPostprocessing = 0;
		};
/* End PBXFrameworksBuildPhase section */

/* Begin PBXGroup section */
		89658D0E2533982D00867B89 = {
			isa = PBXGroup;
			children = (
				89658D192533982D00867B89 /* Cocktailomat */,
				89658D182533982D00867B89 /* Products */,
				89D762D2254C3B2B004B9B54 /* Frameworks */,
			);
			sourceTree = "<group>";
		};
		89658D182533982D00867B89 /* Products */ = {
			isa = PBXGroup;
			children = (
				89658D172533982D00867B89 /* Cocktailomat.app */,
			);
			name = Products;
			sourceTree = "<group>";
		};
		89658D192533982D00867B89 /* Cocktailomat */ = {
			isa = PBXGroup;
			children = (
				89658D1A2533982D00867B89 /* AppDelegate.swift */,
				89658D1C2533982D00867B89 /* SceneDelegate.swift */,
				A4C1A3B2254B61BF00B9BFF8 /* Model */,
				A4C1A3B1254B619B00B9BFF8 /* View */,
				A4C1A3B0254B616500B9BFF8 /* Controller */,
				89658D232533983300867B89 /* Assets.xcassets */,
				89658D282533983300867B89 /* Info.plist */,
			);
			path = Cocktailomat;
			sourceTree = "<group>";
		};
		89D762D2254C3B2B004B9B54 /* Frameworks */ = {
			isa = PBXGroup;
			children = (
				89D762D3254C3B2B004B9B54 /* ExternalAccessory.framework */,
			);
			name = Frameworks;
			sourceTree = "<group>";
		};
		A4C1A3B0254B616500B9BFF8 /* Controller */ = {
			isa = PBXGroup;
			children = (
				891FBF2E254B408B008F4497 /* MixVC.swift */,
				891FBF25254B4052008F4497 /* GlassVC.swift */,
				891FBF22254B403E008F4497 /* DrinkVC.swift */,
				891FBF28254B4063008F4497 /* WifiVC.swift */,
			);
			path = Controller;
			sourceTree = "<group>";
		};
		A4C1A3B1254B619B00B9BFF8 /* View */ = {
			isa = PBXGroup;
			children = (
				89658D202533982D00867B89 /* Main.storyboard */,
				89658D252533983300867B89 /* LaunchScreen.storyboard */,
			);
			path = View;
			sourceTree = "<group>";
		};
		A4C1A3B2254B61BF00B9BFF8 /* Model */ = {
			isa = PBXGroup;
			children = (
				A4ED6D3F254C144A000FCC5D /* CocktailBrain.swift */,
			);
			path = Model;
			sourceTree = "<group>";
		};
/* End PBXGroup section */

/* Begin PBXNativeTarget section */
		89658D162533982D00867B89 /* Cocktailomat */ = {
			isa = PBXNativeTarget;
			buildConfigurationList = 89658D2B2533983300867B89 /* Build configuration list for PBXNativeTarget "Cocktailomat" */;
			buildPhases = (
				89658D132533982D00867B89 /* Sources */,
				89658D142533982D00867B89 /* Frameworks */,
				89658D152533982D00867B89 /* Resources */,
			);
			buildRules = (
			);
			dependencies = (
			);
			name = Cocktailomat;
			packageProductDependencies = (
				89E7AA8F2559489B0077C568 /* Just */,
			);
			productName = Cocktailomat;
			productReference = 89658D172533982D00867B89 /* Cocktailomat.app */;
			productType = "com.apple.product-type.application";
		};
/* End PBXNativeTarget section */

/* Begin PBXProject section */
		89658D0F2533982D00867B89 /* Project object */ = {
			isa = PBXProject;
			attributes = {
				LastSwiftUpdateCheck = 1170;
				LastUpgradeCheck = 1210;
				ORGANIZATIONNAME = "Oliver Sperling";
				TargetAttributes = {
					89658D162533982D00867B89 = {
						CreatedOnToolsVersion = 11.7;
					};
				};
			};
			buildConfigurationList = 89658D122533982D00867B89 /* Build configuration list for PBXProject "Cocktailomat" */;
			compatibilityVersion = "Xcode 9.3";
			developmentRegion = en;
			hasScannedForEncodings = 0;
			knownRegions = (
				en,
				Base,
			);
			mainGroup = 89658D0E2533982D00867B89;
			packageReferences = (
				89E7AA8E2559489B0077C568 /* XCRemoteSwiftPackageReference "Just" */,
			);
			productRefGroup = 89658D182533982D00867B89 /* Products */;
			projectDirPath = "";
			projectRoot = "";
			targets = (
				89658D162533982D00867B89 /* Cocktailomat */,
			);
		};
/* End PBXProject section */

/* Begin PBXResourcesBuildPhase section */
		89658D152533982D00867B89 /* Resources */ = {
			isa = PBXResourcesBuildPhase;
			buildActionMask = 2147483647;
			files = (
				89658D272533983300867B89 /* LaunchScreen.storyboard in Resources */,
				89658D242533983300867B89 /* Assets.xcassets in Resources */,
				89658D222533982D00867B89 /* Main.storyboard in Resources */,
			);
			runOnlyForDeploymentPostprocessing = 0;
		};
/* End PBXResourcesBuildPhase section */

/* Begin PBXSourcesBuildPhase section */
		89658D132533982D00867B89 /* Sources */ = {
			isa = PBXSourcesBuildPhase;
			buildActionMask = 2147483647;
			files = (
				891FBF2F254B408B008F4497 /* MixVC.swift in Sources */,
				891FBF23254B403E008F4497 /* DrinkVC.swift in Sources */,
				891FBF26254B4052008F4497 /* GlassVC.swift in Sources */,
				A4ED6D40254C144A000FCC5D /* CocktailBrain.swift in Sources */,
				89EE7726255400E4000EFFC7 /* SceneDelegate.swift in Sources */,
				891FBF29254B4063008F4497 /* WifiVC.swift in Sources */,
				89658D1B2533982D00867B89 /* AppDelegate.swift in Sources */,
			);
			runOnlyForDeploymentPostprocessing = 0;
		};
/* End PBXSourcesBuildPhase section */

/* Begin PBXVariantGroup section */
		89658D202533982D00867B89 /* Main.storyboard */ = {
			isa = PBXVariantGroup;
			children = (
				89658D212533982D00867B89 /* Base */,
			);
			name = Main.storyboard;
			sourceTree = "<group>";
		};
		89658D252533983300867B89 /* LaunchScreen.storyboard */ = {
			isa = PBXVariantGroup;
			children = (
				89658D262533983300867B89 /* Base */,
			);
			name = LaunchScreen.storyboard;
			sourceTree = "<group>";
		};
/* End PBXVariantGroup section */

/* Begin XCBuildConfiguration section */
		89658D292533983300867B89 /* Debug */ = {
			isa = XCBuildConfiguration;
			buildSettings = {
				ALWAYS_SEARCH_USER_PATHS = NO;
				CLANG_ANALYZER_NONNULL = YES;
				CLANG_ANALYZER_NUMBER_OBJECT_CONVERSION = YES_AGGRESSIVE;
				CLANG_CXX_LANGUAGE_STANDARD = "gnu++14";
				CLANG_CXX_LIBRARY = "libc++";
				CLANG_ENABLE_MODULES = YES;
				CLANG_ENABLE_OBJC_ARC = YES;
				CLANG_ENABLE_OBJC_WEAK = YES;
				CLANG_WARN_BLOCK_CAPTURE_AUTORELEASING = YES;
				CLANG_WARN_BOOL_CONVERSION = YES;
				CLANG_WARN_COMMA = YES;
				CLANG_WARN_CONSTANT_CONVERSION = YES;
				CLANG_WARN_DEPRECATED_OBJC_IMPLEMENTATIONS = YES;
				CLANG_WARN_DIRECT_OBJC_ISA_USAGE = YES_ERROR;
				CLANG_WARN_DOCUMENTATION_COMMENTS = YES;
				CLANG_WARN_EMPTY_BODY = YES;
				CLANG_WARN_ENUM_CONVERSION = YES;
				CLANG_WARN_INFINITE_RECURSION = YES;
				CLANG_WARN_INT_CONVERSION = YES;
				CLANG_WARN_NON_LITERAL_NULL_CONVERSION = YES;
				CLANG_WARN_OBJC_IMPLICIT_RETAIN_SELF = YES;
				CLANG_WARN_OBJC_LITERAL_CONVERSION = YES;
				CLANG_WARN_OBJC_ROOT_CLASS = YES_ERROR;
				CLANG_WARN_QUOTED_INCLUDE_IN_FRAMEWORK_HEADER = YES;
				CLANG_WARN_RANGE_LOOP_ANALYSIS = YES;
				CLANG_WARN_STRICT_PROTOTYPES = YES;
				CLANG_WARN_SUSPICIOUS_MOVE = YES;
				CLANG_WARN_UNGUARDED_AVAILABILITY = YES_AGGRESSIVE;
				CLANG_WARN_UNREACHABLE_CODE = YES;
				CLANG_WARN__DUPLICATE_METHOD_MATCH = YES;
				COPY_PHASE_STRIP = NO;
				DEBUG_INFORMATION_FORMAT = dwarf;
				ENABLE_STRICT_OBJC_MSGSEND = YES;
				ENABLE_TESTABILITY = YES;
				GCC_C_LANGUAGE_STANDARD = gnu11;
				GCC_DYNAMIC_NO_PIC = NO;
				GCC_NO_COMMON_BLOCKS = YES;
				GCC_OPTIMIZATION_LEVEL = 0;
				GCC_PREPROCESSOR_DEFINITIONS = (
					"DEBUG=1",
					"$(inherited)",
				);
				GCC_WARN_64_TO_32_BIT_CONVERSION = YES;
				GCC_WARN_ABOUT_RETURN_TYPE = YES_ERROR;
				GCC_WARN_UNDECLARED_SELECTOR = YES;
				GCC_WARN_UNINITIALIZED_AUTOS = YES_AGGRESSIVE;
				GCC_WARN_UNUSED_FUNCTION = YES;
				GCC_WARN_UNUSED_VARIABLE = YES;
				IPHONEOS_DEPLOYMENT_TARGET = 14.1;
				MTL_ENABLE_DEBUG_INFO = INCLUDE_SOURCE;
				MTL_FAST_MATH = YES;
				ONLY_ACTIVE_ARCH = YES;
				SDKROOT = iphoneos;
				SWIFT_ACTIVE_COMPILATION_CONDITIONS = DEBUG;
				SWIFT_OPTIMIZATION_LEVEL = "-Onone";
			};
			name = Debug;
		};
		89658D2A2533983300867B89 /* Release */ = {
			isa = XCBuildConfiguration;
			buildSettings = {
				ALWAYS_SEARCH_USER_PATHS = NO;
				CLANG_ANALYZER_NONNULL = YES;
				CLANG_ANALYZER_NUMBER_OBJECT_CONVERSION = YES_AGGRESSIVE;
				CLANG_CXX_LANGUAGE_STANDARD = "gnu++14";
				CLANG_CXX_LIBRARY = "libc++";
				CLANG_ENABLE_MODULES = YES;
				CLANG_ENABLE_OBJC_ARC = YES;
				CLANG_ENABLE_OBJC_WEAK = YES;
				CLANG_WARN_BLOCK_CAPTURE_AUTORELEASING = YES;
				CLANG_WARN_BOOL_CONVERSION = YES;
				CLANG_WARN_COMMA = YES;
				CLANG_WARN_CONSTANT_CONVERSION = YES;
				CLANG_WARN_DEPRECATED_OBJC_IMPLEMENTATIONS = YES;
				CLANG_WARN_DIRECT_OBJC_ISA_USAGE = YES_ERROR;
				CLANG_WARN_DOCUMENTATION_COMMENTS = YES;
				CLANG_WARN_EMPTY_BODY = YES;
				CLANG_WARN_ENUM_CONVERSION = YES;
				CLANG_WARN_INFINITE_RECURSION = YES;
				CLANG_WARN_INT_CONVERSION = YES;
				CLANG_WARN_NON_LITERAL_NULL_CONVERSION = YES;
				CLANG_WARN_OBJC_IMPLICIT_RETAIN_SELF = YES;
				CLANG_WARN_OBJC_LITERAL_CONVERSION = YES;
				CLANG_WARN_OBJC_ROOT_CLASS = YES_ERROR;
				CLANG_WARN_QUOTED_INCLUDE_IN_FRAMEWORK_HEADER = YES;
				CLANG_WARN_RANGE_LOOP_ANALYSIS = YES;
				CLANG_WARN_STRICT_PROTOTYPES = YES;
				CLANG_WARN_SUSPICIOUS_MOVE = YES;
				CLANG_WARN_UNGUARDED_AVAILABILITY = YES_AGGRESSIVE;
				CLANG_WARN_UNREACHABLE_CODE = YES;
				CLANG_WARN__DUPLICATE_METHOD_MATCH = YES;
				COPY_PHASE_STRIP = NO;
				DEBUG_INFORMATION_FORMAT = "dwarf-with-dsym";
				ENABLE_NS_ASSERTIONS = NO;
				ENABLE_STRICT_OBJC_MSGSEND = YES;
				GCC_C_LANGUAGE_STANDARD = gnu11;
				GCC_NO_COMMON_BLOCKS = YES;
				GCC_WARN_64_TO_32_BIT_CONVERSION = YES;
				GCC_WARN_ABOUT_RETURN_TYPE = YES_ERROR;
				GCC_WARN_UNDECLARED_SELECTOR = YES;
				GCC_WARN_UNINITIALIZED_AUTOS = YES_AGGRESSIVE;
				GCC_WARN_UNUSED_FUNCTION = YES;
				GCC_WARN_UNUSED_VARIABLE = YES;
				IPHONEOS_DEPLOYMENT_TARGET = 14.1;
				MTL_ENABLE_DEBUG_INFO = NO;
				MTL_FAST_MATH = YES;
				SDKROOT = iphoneos;
				SWIFT_COMPILATION_MODE = wholemodule;
				SWIFT_OPTIMIZATION_LEVEL = "-O";
				VALIDATE_PRODUCT = YES;
			};
			name = Release;
		};
		89658D2C2533983300867B89 /* Debug */ = {
			isa = XCBuildConfiguration;
			buildSettings = {
				ASSETCATALOG_COMPILER_APPICON_NAME = AppIcon;
				CODE_SIGN_IDENTITY = "Apple Development";
				CODE_SIGN_STYLE = Automatic;
				DEVELOPMENT_TEAM = 9892H4F24Z;
				INFOPLIST_FILE = Cocktailomat/Info.plist;
				IPHONEOS_DEPLOYMENT_TARGET = 14.1;
				LD_RUNPATH_SEARCH_PATHS = (
					"$(inherited)",
					"@executable_path/Frameworks",
				);
				PRODUCT_BUNDLE_IDENTIFIER = sperling.Cocktail;
				PRODUCT_NAME = "$(TARGET_NAME)";
				PROVISIONING_PROFILE_SPECIFIER = "";
				SWIFT_VERSION = 5.0;
				TARGETED_DEVICE_FAMILY = 1;
			};
			name = Debug;
		};
		89658D2D2533983300867B89 /* Release */ = {
			isa = XCBuildConfiguration;
			buildSettings = {
				ASSETCATALOG_COMPILER_APPICON_NAME = AppIcon;
				CODE_SIGN_IDENTITY = "Apple Development";
				CODE_SIGN_STYLE = Automatic;
				DEVELOPMENT_TEAM = 9892H4F24Z;
				INFOPLIST_FILE = Cocktailomat/Info.plist;
				IPHONEOS_DEPLOYMENT_TARGET = 14.1;
				LD_RUNPATH_SEARCH_PATHS = (
					"$(inherited)",
					"@executable_path/Frameworks",
				);
				PRODUCT_BUNDLE_IDENTIFIER = sperling.Cocktail;
				PRODUCT_NAME = "$(TARGET_NAME)";
				PROVISIONING_PROFILE_SPECIFIER = "";
				SWIFT_VERSION = 5.0;
				TARGETED_DEVICE_FAMILY = 1;
			};
			name = Release;
		};
/* End XCBuildConfiguration section */

/* Begin XCConfigurationList section */
		89658D122533982D00867B89 /* Build configuration list for PBXProject "Cocktailomat" */ = {
			isa = XCConfigurationList;
			buildConfigurations = (
				89658D292533983300867B89 /* Debug */,
				89658D2A2533983300867B89 /* Release */,
			);
			defaultConfigurationIsVisible = 0;
			defaultConfigurationName = Release;
		};
		89658D2B2533983300867B89 /* Build configuration list for PBXNativeTarget "Cocktailomat" */ = {
			isa = XCConfigurationList;
			buildConfigurations = (
				89658D2C2533983300867B89 /* Debug */,
				89658D2D2533983300867B89 /* Release */,
			);
			defaultConfigurationIsVisible = 0;
			defaultConfigurationName = Release;
		};
/* End XCConfigurationList section */

/* Begin XCRemoteSwiftPackageReference section */
		89E7AA8E2559489B0077C568 /* XCRemoteSwiftPackageReference "Just" */ = {
			isa = XCRemoteSwiftPackageReference;
			repositoryURL = "https://github.com/dduan/Just.git";
			requirement = {
				kind = upToNextMajorVersion;
				minimumVersion = 0.8.0;
			};
		};
/* End XCRemoteSwiftPackageReference section */

/* Begin XCSwiftPackageProductDependency section */
		89E7AA8F2559489B0077C568 /* Just */ = {
			isa = XCSwiftPackageProductDependency;
			package = 89E7AA8E2559489B0077C568 /* XCRemoteSwiftPackageReference "Just" */;
			productName = Just;
		};
/* End XCSwiftPackageProductDependency section */
	};
	rootObject = 89658D0F2533982D00867B89 /* Project object */;
}
